
Microsoft Visual Studio Solution File, Format Version 12.00
# Visual Studio 15
VisualStudioVersion = 15.0.28307.852
MinimumVisualStudioVersion = 10.0.40219.1
Project("{FAE04EC0-301F-11D3-BF4B-00C04F79EFBC}") = "WallpaperDownloader", "WallpaperDownloader\WallpaperDownloader.csproj", "{DB27468E-C244-4992-9998-8DD78E2A7A02}"
EndProject
Global
	GlobalSection(SolutionConfigurationPlatforms) = preSolution
		Debug|Any CPU = Debug|Any CPU
		Release|Any CPU = Release|Any CPU
	EndGlobalSection
	GlobalSection(ProjectConfigurationPlatforms) = postSolution
		{DB27468E-C244-4992-9998-8DD78E2A7A02}.Debug|Any CPU.ActiveCfg = Debug|Any CPU
		{DB27468E-C244-4992-9998-8DD78E2A7A02}.Debug|Any CPU.Build.0 = Debug|Any CPU
		{DB27468E-C244-4992-9998-8DD78E2A7A02}.Release|Any CPU.ActiveCfg = Release|Any CPU
		{DB27468E-C244-4992-9998-8DD78E2A7A02}.Release|Any CPU.Build.0 = Release|Any CPU
	EndGlobalSection
	GlobalSection(SolutionProperties) = preSolution
		HideSolutionNode = FALSE
	EndGlobalSection
	GlobalSection(ExtensibilityGlobals) = postSolution
		EnterpriseLibraryConfigurationToolBinariesPathV6 = packages\EnterpriseLibrary.Common.6.0.1304.0\lib\NET45;packages\EnterpriseLibrary.Logging.6.0.1304.0\lib\NET45
		SolutionGuid = {7076B1B1-60EB-4BB5-9BAE-2BDDEC27CC98}
	EndGlobalSection
EndGlobal
